
Microsoft Visual Studio Solution File, Format Version 12.00
# Visual Studio Version 16
VisualStudioVersion = 16.0.30517.126
MinimumVisualStudioVersion = 10.0.40219.1
Project("{FAE04EC0-301F-11D3-BF4B-00C04F79EFBC}") = "SingletonApp", "SingletonApp\SingletonApp.csproj", "{E34139FF-E9E6-4337-8BC5-EB72C5B17A6B}"
EndProject
Global
	GlobalSection(SolutionConfigurationPlatforms) = preSolution
		Debug|Any CPU = Debug|Any CPU
		Release|Any CPU = Release|Any CPU
	EndGlobalSection
	GlobalSection(ProjectConfigurationPlatforms) = postSolution
		{E34139FF-E9E6-4337-8BC5-EB72C5B17A6B}.Debug|Any CPU.ActiveCfg = Debug|Any CPU
		{E34139FF-E9E6-4337-8BC5-EB72C5B17A6B}.Debug|Any CPU.Build.0 = Debug|Any CPU
		{E34139FF-E9E6-4337-8BC5-EB72C5B17A6B}.Release|Any CPU.ActiveCfg = Release|Any CPU
		{E34139FF-E9E6-4337-8BC5-EB72C5B17A6B}.Release|Any CPU.Build.0 = Release|Any CPU
	EndGlobalSection
	GlobalSection(SolutionProperties) = preSolution
		HideSolutionNode = FALSE
	EndGlobalSection
	GlobalSection(ExtensibilityGlobals) = postSolution
		SolutionGuid = {FCF85D18-BD31-4008-8687-DCD1BAE77C21}
	EndGlobalSection
EndGlobal
